
Microsoft Visual Studio Solution File, Format Version 12.00
# Visual Studio Version 16
VisualStudioVersion = 16.0.32901.82
MinimumVisualStudioVersion = 10.0.40219.1
Project("{FAE04EC0-301F-11D3-BF4B-00C04F79EFBC}") = "Krathseis2", "Krathseis2\Krathseis2.csproj", "{786CB8C9-FA90-46F5-96DC-48403EA45F10}"
EndProject
Project("{FAE04EC0-301F-11D3-BF4B-00C04F79EFBC}") = "ReservationCient", "ReservationCient\ReservationCient.csproj", "{C788DB9D-EBAE-45B3-99FF-C4D9C7D2A4CB}"
EndProject
Global
	GlobalSection(SolutionConfigurationPlatforms) = preSolution
		Debug|Any CPU = Debug|Any CPU
		Release|Any CPU = Release|Any CPU
	EndGlobalSection
	GlobalSection(ProjectConfigurationPlatforms) = postSolution
		{786CB8C9-FA90-46F5-96DC-48403EA45F10}.Debug|Any CPU.ActiveCfg = Debug|Any CPU
		{786CB8C9-FA90-46F5-96DC-48403EA45F10}.Debug|Any CPU.Build.0 = Debug|Any CPU
		{786CB8C9-FA90-46F5-96DC-48403EA45F10}.Release|Any CPU.ActiveCfg = Release|Any CPU
		{786CB8C9-FA90-46F5-96DC-48403EA45F10}.Release|Any CPU.Build.0 = Release|Any CPU
		{C788DB9D-EBAE-45B3-99FF-C4D9C7D2A4CB}.Debug|Any CPU.ActiveCfg = Debug|Any CPU
		{C788DB9D-EBAE-45B3-99FF-C4D9C7D2A4CB}.Debug|Any CPU.Build.0 = Debug|Any CPU
		{C788DB9D-EBAE-45B3-99FF-C4D9C7D2A4CB}.Release|Any CPU.ActiveCfg = Release|Any CPU
		{C788DB9D-EBAE-45B3-99FF-C4D9C7D2A4CB}.Release|Any CPU.Build.0 = Release|Any CPU
	EndGlobalSection
	GlobalSection(SolutionProperties) = preSolution
		HideSolutionNode = FALSE
	EndGlobalSection
	GlobalSection(ExtensibilityGlobals) = postSolution
		SolutionGuid = {D0E35D47-1581-493D-8829-222FBD53A31C}
	EndGlobalSection
EndGlobal
